
Microsoft Visual Studio Solution File, Format Version 12.00
# Visual Studio Version 16
VisualStudioVersion = 16.0.32228.343
MinimumVisualStudioVersion = 10.0.40219.1
Project("{FAE04EC0-301F-11D3-BF4B-00C04F79EFBC}") = "ComicBookGallery1", "ComicBookGallery1\ComicBookGallery1.csproj", "{C01CCBF1-9854-4886-8F84-BDB7872B5362}"
EndProject
Global
	GlobalSection(SolutionConfigurationPlatforms) = preSolution
		Debug|Any CPU = Debug|Any CPU
		Release|Any CPU = Release|Any CPU
	EndGlobalSection
	GlobalSection(ProjectConfigurationPlatforms) = postSolution
		{C01CCBF1-9854-4886-8F84-BDB7872B5362}.Debug|Any CPU.ActiveCfg = Debug|Any CPU
		{C01CCBF1-9854-4886-8F84-BDB7872B5362}.Debug|Any CPU.Build.0 = Debug|Any CPU
		{C01CCBF1-9854-4886-8F84-BDB7872B5362}.Release|Any CPU.ActiveCfg = Release|Any CPU
		{C01CCBF1-9854-4886-8F84-BDB7872B5362}.Release|Any CPU.Build.0 = Release|Any CPU
	EndGlobalSection
	GlobalSection(SolutionProperties) = preSolution
		HideSolutionNode = FALSE
	EndGlobalSection
	GlobalSection(ExtensibilityGlobals) = postSolution
		SolutionGuid = {8534CBE2-E8E7-491A-92E5-85FA0CCC6ACB}
	EndGlobalSection
EndGlobal
